
Microsoft Visual Studio Solution File, Format Version 12.00
# Visual Studio Version 16
VisualStudioVersion = 16.0.30907.101
MinimumVisualStudioVersion = 10.0.40219.1
Project("{FAE04EC0-301F-11D3-BF4B-00C04F79EFBC}") = "TD4", "TD4.csproj", "{4F289C97-AC55-41D8-9908-5F985F401A05}"
EndProject
Global
	GlobalSection(SolutionConfigurationPlatforms) = preSolution
		Debug|Any CPU = Debug|Any CPU
		Release|Any CPU = Release|Any CPU
	EndGlobalSection
	GlobalSection(ProjectConfigurationPlatforms) = postSolution
		{4F289C97-AC55-41D8-9908-5F985F401A05}.Debug|Any CPU.ActiveCfg = Debug|Any CPU
		{4F289C97-AC55-41D8-9908-5F985F401A05}.Debug|Any CPU.Build.0 = Debug|Any CPU
		{4F289C97-AC55-41D8-9908-5F985F401A05}.Release|Any CPU.ActiveCfg = Release|Any CPU
		{4F289C97-AC55-41D8-9908-5F985F401A05}.Release|Any CPU.Build.0 = Release|Any CPU
	EndGlobalSection
	GlobalSection(SolutionProperties) = preSolution
		HideSolutionNode = FALSE
	EndGlobalSection
	GlobalSection(ExtensibilityGlobals) = postSolution
		SolutionGuid = {FC01C3A6-F9EA-448E-AE1F-11252FC242FD}
	EndGlobalSection
EndGlobal
