
Microsoft Visual Studio Solution File, Format Version 12.00
# Visual Studio Version 16
VisualStudioVersion = 16.0.31205.134
MinimumVisualStudioVersion = 10.0.40219.1
Project("{FAE04EC0-301F-11D3-BF4B-00C04F79EFBC}") = "ClientForMathsLibrary", "ClientForMathsLibrary.csproj", "{573C5B35-100C-4F19-9C47-C82BD699E85E}"
EndProject
Global
	GlobalSection(SolutionConfigurationPlatforms) = preSolution
		Debug|Any CPU = Debug|Any CPU
		Release|Any CPU = Release|Any CPU
	EndGlobalSection
	GlobalSection(ProjectConfigurationPlatforms) = postSolution
		{573C5B35-100C-4F19-9C47-C82BD699E85E}.Debug|Any CPU.ActiveCfg = Debug|Any CPU
		{573C5B35-100C-4F19-9C47-C82BD699E85E}.Debug|Any CPU.Build.0 = Debug|Any CPU
		{573C5B35-100C-4F19-9C47-C82BD699E85E}.Release|Any CPU.ActiveCfg = Release|Any CPU
		{573C5B35-100C-4F19-9C47-C82BD699E85E}.Release|Any CPU.Build.0 = Release|Any CPU
	EndGlobalSection
	GlobalSection(SolutionProperties) = preSolution
		HideSolutionNode = FALSE
	EndGlobalSection
	GlobalSection(ExtensibilityGlobals) = postSolution
		SolutionGuid = {65D70193-1D51-419D-A27C-2CBEA9A281C4}
	EndGlobalSection
EndGlobal
